// !$*UTF8*$!
{
	archiveVersion = 1;
	classes = {
	};
	objectVersion = 56;
	objects = {

/* Begin PBXBuildFile section */
		7743BDE02994C4F800F0B058 /* Filmler.swift in Sources */ = {isa = PBXBuildFile; fileRef = 7743BDDF2994C4F800F0B058 /* Filmler.swift */; };
		7743BDE22994C50A00F0B058 /* FilmCevap.swift in Sources */ = {isa = PBXBuildFile; fileRef = 7743BDE12994C50A00F0B058 /* FilmCevap.swift */; };
		7743BDE42994C51900F0B058 /* Kategoriler.swift in Sources */ = {isa = PBXBuildFile; fileRef = 7743BDE32994C51900F0B058 /* Kategoriler.swift */; };
		7743BDE62994C52B00F0B058 /* KategoriCevap.swift in Sources */ = {isa = PBXBuildFile; fileRef = 7743BDE52994C52B00F0B058 /* KategoriCevap.swift */; };
		7743BDE82994C53500F0B058 /* Yonetmenler.swift in Sources */ = {isa = PBXBuildFile; fileRef = 7743BDE72994C53500F0B058 /* Yonetmenler.swift */; };
		7743BDEA2994F35A00F0B058 /* KategoriTableViewCell.swift in Sources */ = {isa = PBXBuildFile; fileRef = 7743BDE92994F35A00F0B058 /* KategoriTableViewCell.swift */; };
		7743BDEC2994F3D700F0B058 /* FilmCollectionViewCell.swift in Sources */ = {isa = PBXBuildFile; fileRef = 7743BDEB2994F3D700F0B058 /* FilmCollectionViewCell.swift */; };
		7743BDEE2994F48600F0B058 /* FilmDetayViewController.swift in Sources */ = {isa = PBXBuildFile; fileRef = 7743BDED2994F48600F0B058 /* FilmDetayViewController.swift */; };
		7743BDF02994F52B00F0B058 /* FilmViewController.swift in Sources */ = {isa = PBXBuildFile; fileRef = 7743BDEF2994F52B00F0B058 /* FilmViewController.swift */; };
		7772C21E2993E962009F221E /* AppDelegate.swift in Sources */ = {isa = PBXBuildFile; fileRef = 7772C21D2993E962009F221E /* AppDelegate.swift */; };
		7772C2202993E962009F221E /* SceneDelegate.swift in Sources */ = {isa = PBXBuildFile; fileRef = 7772C21F2993E962009F221E /* SceneDelegate.swift */; };
		7772C2222993E962009F221E /* ViewController.swift in Sources */ = {isa = PBXBuildFile; fileRef = 7772C2212993E962009F221E /* ViewController.swift */; };
		7772C2252993E962009F221E /* Main.storyboard in Resources */ = {isa = PBXBuildFile; fileRef = 7772C2232993E962009F221E /* Main.storyboard */; };
		7772C2272993E965009F221E /* Assets.xcassets in Resources */ = {isa = PBXBuildFile; fileRef = 7772C2262993E965009F221E /* Assets.xcassets */; };
		7772C22A2993E965009F221E /* LaunchScreen.storyboard in Resources */ = {isa = PBXBuildFile; fileRef = 7772C2282993E965009F221E /* LaunchScreen.storyboard */; };
		7772C2332993E986009F221E /* Alamofire in Frameworks */ = {isa = PBXBuildFile; productRef = 7772C2322993E986009F221E /* Alamofire */; };
/* End PBXBuildFile section */

/* Begin PBXFileReference section */
		7743BDDF2994C4F800F0B058 /* Filmler.swift */ = {isa = PBXFileReference; lastKnownFileType = sourcecode.swift; path = Filmler.swift; sourceTree = "<group>"; };
		7743BDE12994C50A00F0B058 /* FilmCevap.swift */ = {isa = PBXFileReference; lastKnownFileType = sourcecode.swift; path = FilmCevap.swift; sourceTree = "<group>"; };
		7743BDE32994C51900F0B058 /* Kategoriler.swift */ = {isa = PBXFileReference; lastKnownFileType = sourcecode.swift; path = Kategoriler.swift; sourceTree = "<group>"; };
		7743BDE52994C52B00F0B058 /* KategoriCevap.swift */ = {isa = PBXFileReference; lastKnownFileType = sourcecode.swift; path = KategoriCevap.swift; sourceTree = "<group>"; };
		7743BDE72994C53500F0B058 /* Yonetmenler.swift */ = {isa = PBXFileReference; lastKnownFileType = sourcecode.swift; path = Yonetmenler.swift; sourceTree = "<group>"; };
		7743BDE92994F35A00F0B058 /* KategoriTableViewCell.swift */ = {isa = PBXFileReference; lastKnownFileType = sourcecode.swift; path = KategoriTableViewCell.swift; sourceTree = "<group>"; };
		7743BDEB2994F3D700F0B058 /* FilmCollectionViewCell.swift */ = {isa = PBXFileReference; lastKnownFileType = sourcecode.swift; path = FilmCollectionViewCell.swift; sourceTree = "<group>"; };
		7743BDED2994F48600F0B058 /* FilmDetayViewController.swift */ = {isa = PBXFileReference; lastKnownFileType = sourcecode.swift; path = FilmDetayViewController.swift; sourceTree = "<group>"; };
		7743BDEF2994F52B00F0B058 /* FilmViewController.swift */ = {isa = PBXFileReference; lastKnownFileType = sourcecode.swift; path = FilmViewController.swift; sourceTree = "<group>"; };
		7772C21A2993E962009F221E /* MovieS.app */ = {isa = PBXFileReference; explicitFileType = wrapper.application; includeInIndex = 0; path = MovieS.app; sourceTree = BUILT_PRODUCTS_DIR; };
		7772C21D2993E962009F221E /* AppDelegate.swift */ = {isa = PBXFileReference; lastKnownFileType = sourcecode.swift; path = AppDelegate.swift; sourceTree = "<group>"; };
		7772C21F2993E962009F221E /* SceneDelegate.swift */ = {isa = PBXFileReference; lastKnownFileType = sourcecode.swift; path = SceneDelegate.swift; sourceTree = "<group>"; };
		7772C2212993E962009F221E /* ViewController.swift */ = {isa = PBXFileReference; lastKnownFileType = sourcecode.swift; path = ViewController.swift; sourceTree = "<group>"; };
		7772C2242993E962009F221E /* Base */ = {isa = PBXFileReference; lastKnownFileType = file.storyboard; name = Base; path = Base.lproj/Main.storyboard; sourceTree = "<group>"; };
		7772C2262993E965009F221E /* Assets.xcassets */ = {isa = PBXFileReference; lastKnownFileType = folder.assetcatalog; path = Assets.xcassets; sourceTree = "<group>"; };
		7772C2292993E965009F221E /* Base */ = {isa = PBXFileReference; lastKnownFileType = file.storyboard; name = Base; path = Base.lproj/LaunchScreen.storyboard; sourceTree = "<group>"; };
		7772C22B2993E965009F221E /* Info.plist */ = {isa = PBXFileReference; lastKnownFileType = text.plist.xml; path = Info.plist; sourceTree = "<group>"; };
/* End PBXFileReference section */

/* Begin PBXFrameworksBuildPhase section */
		7772C2172993E962009F221E /* Frameworks */ = {
			isa = PBXFrameworksBuildPhase;
			buildActionMask = 2147483647;
			files = (
				7772C2332993E986009F221E /* Alamofire in Frameworks */,
			);
			runOnlyForDeploymentPostprocessing = 0;
		};
/* End PBXFrameworksBuildPhase section */

/* Begin PBXGroup section */
		7772C2112993E962009F221E = {
			isa = PBXGroup;
			children = (
				7772C21C2993E962009F221E /* MovieS */,
				7772C21B2993E962009F221E /* Products */,
			);
			sourceTree = "<group>";
		};
		7772C21B2993E962009F221E /* Products */ = {
			isa = PBXGroup;
			children = (
				7772C21A2993E962009F221E /* MovieS.app */,
			);
			name = Products;
			sourceTree = "<group>";
		};
		7772C21C2993E962009F221E /* MovieS */ = {
			isa = PBXGroup;
			children = (
				7772C21D2993E962009F221E /* AppDelegate.swift */,
				7772C21F2993E962009F221E /* SceneDelegate.swift */,
				7772C2212993E962009F221E /* ViewController.swift */,
				7772C2232993E962009F221E /* Main.storyboard */,
				7772C2262993E965009F221E /* Assets.xcassets */,
				7772C2282993E965009F221E /* LaunchScreen.storyboard */,
				7772C22B2993E965009F221E /* Info.plist */,
				7743BDDF2994C4F800F0B058 /* Filmler.swift */,
				7743BDE12994C50A00F0B058 /* FilmCevap.swift */,
				7743BDE32994C51900F0B058 /* Kategoriler.swift */,
				7743BDE52994C52B00F0B058 /* KategoriCevap.swift */,
				7743BDE72994C53500F0B058 /* Yonetmenler.swift */,
				7743BDE92994F35A00F0B058 /* KategoriTableViewCell.swift */,
				7743BDEB2994F3D700F0B058 /* FilmCollectionViewCell.swift */,
				7743BDED2994F48600F0B058 /* FilmDetayViewController.swift */,
				7743BDEF2994F52B00F0B058 /* FilmViewController.swift */,
			);
			path = MovieS;
			sourceTree = "<group>";
		};
/* End PBXGroup section */

/* Begin PBXNativeTarget section */
		7772C2192993E962009F221E /* MovieS */ = {
			isa = PBXNativeTarget;
			buildConfigurationList = 7772C22E2993E965009F221E /* Build configuration list for PBXNativeTarget "MovieS" */;
			buildPhases = (
				7772C2162993E962009F221E /* Sources */,
				7772C2172993E962009F221E /* Frameworks */,
				7772C2182993E962009F221E /* Resources */,
			);
			buildRules = (
			);
			dependencies = (
			);
			name = MovieS;
			packageProductDependencies = (
				7772C2322993E986009F221E /* Alamofire */,
			);
			productName = MovieS;
			productReference = 7772C21A2993E962009F221E /* MovieS.app */;
			productType = "com.apple.product-type.application";
		};
/* End PBXNativeTarget section */

/* Begin PBXProject section */
		7772C2122993E962009F221E /* Project object */ = {
			isa = PBXProject;
			attributes = {
				BuildIndependentTargetsInParallel = 1;
				LastSwiftUpdateCheck = 1400;
				LastUpgradeCheck = 1400;
				TargetAttributes = {
					7772C2192993E962009F221E = {
						CreatedOnToolsVersion = 14.0.1;
					};
				};
			};
			buildConfigurationList = 7772C2152993E962009F221E /* Build configuration list for PBXProject "MovieS" */;
			compatibilityVersion = "Xcode 14.0";
			developmentRegion = en;
			hasScannedForEncodings = 0;
			knownRegions = (
				en,
				Base,
			);
			mainGroup = 7772C2112993E962009F221E;
			packageReferences = (
				7772C2312993E986009F221E /* XCRemoteSwiftPackageReference "Alamofire" */,
			);
			productRefGroup = 7772C21B2993E962009F221E /* Products */;
			projectDirPath = "";
			projectRoot = "";
			targets = (
				7772C2192993E962009F221E /* MovieS */,
			);
		};
/* End PBXProject section */

/* Begin PBXResourcesBuildPhase section */
		7772C2182993E962009F221E /* Resources */ = {
			isa = PBXResourcesBuildPhase;
			buildActionMask = 2147483647;
			files = (
				7772C22A2993E965009F221E /* LaunchScreen.storyboard in Resources */,
				7772C2272993E965009F221E /* Assets.xcassets in Resources */,
				7772C2252993E962009F221E /* Main.storyboard in Resources */,
			);
			runOnlyForDeploymentPostprocessing = 0;
		};
/* End PBXResourcesBuildPhase section */

/* Begin PBXSourcesBuildPhase section */
		7772C2162993E962009F221E /* Sources */ = {
			isa = PBXSourcesBuildPhase;
			buildActionMask = 2147483647;
			files = (
				7772C2222993E962009F221E /* ViewController.swift in Sources */,
				7772C21E2993E962009F221E /* AppDelegate.swift in Sources */,
				7743BDEA2994F35A00F0B058 /* KategoriTableViewCell.swift in Sources */,
				7743BDEE2994F48600F0B058 /* FilmDetayViewController.swift in Sources */,
				7743BDE62994C52B00F0B058 /* KategoriCevap.swift in Sources */,
				7772C2202993E962009F221E /* SceneDelegate.swift in Sources */,
				7743BDE42994C51900F0B058 /* Kategoriler.swift in Sources */,
				7743BDEC2994F3D700F0B058 /* FilmCollectionViewCell.swift in Sources */,
				7743BDE02994C4F800F0B058 /* Filmler.swift in Sources */,
				7743BDE82994C53500F0B058 /* Yonetmenler.swift in Sources */,
				7743BDF02994F52B00F0B058 /* FilmViewController.swift in Sources */,
				7743BDE22994C50A00F0B058 /* FilmCevap.swift in Sources */,
			);
			runOnlyForDeploymentPostprocessing = 0;
		};
/* End PBXSourcesBuildPhase section */

/* Begin PBXVariantGroup section */
		7772C2232993E962009F221E /* Main.storyboard */ = {
			isa = PBXVariantGroup;
			children = (
				7772C2242993E962009F221E /* Base */,
			);
			name = Main.storyboard;
			sourceTree = "<group>";
		};
		7772C2282993E965009F221E /* LaunchScreen.storyboard */ = {
			isa = PBXVariantGroup;
			children = (
				7772C2292993E965009F221E /* Base */,
			);
			name = LaunchScreen.storyboard;
			sourceTree = "<group>";
		};
/* End PBXVariantGroup section */

/* Begin XCBuildConfiguration section */
		7772C22C2993E965009F221E /* Debug */ = {
			isa = XCBuildConfiguration;
			buildSettings = {
				ALWAYS_SEARCH_USER_PATHS = NO;
				CLANG_ANALYZER_NONNULL = YES;
				CLANG_ANALYZER_NUMBER_OBJECT_CONVERSION = YES_AGGRESSIVE;
				CLANG_CXX_LANGUAGE_STANDARD = "gnu++20";
				CLANG_ENABLE_MODULES = YES;
				CLANG_ENABLE_OBJC_ARC = YES;
				CLANG_ENABLE_OBJC_WEAK = YES;
				CLANG_WARN_BLOCK_CAPTURE_AUTORELEASING = YES;
				CLANG_WARN_BOOL_CONVERSION = YES;
				CLANG_WARN_COMMA = YES;
				CLANG_WARN_CONSTANT_CONVERSION = YES;
				CLANG_WARN_DEPRECATED_OBJC_IMPLEMENTATIONS = YES;
				CLANG_WARN_DIRECT_OBJC_ISA_USAGE = YES_ERROR;
				CLANG_WARN_DOCUMENTATION_COMMENTS = YES;
				CLANG_WARN_EMPTY_BODY = YES;
				CLANG_WARN_ENUM_CONVERSION = YES;
				CLANG_WARN_INFINITE_RECURSION = YES;
				CLANG_WARN_INT_CONVERSION = YES;
				CLANG_WARN_NON_LITERAL_NULL_CONVERSION = YES;
				CLANG_WARN_OBJC_IMPLICIT_RETAIN_SELF = YES;
				CLANG_WARN_OBJC_LITERAL_CONVERSION = YES;
				CLANG_WARN_OBJC_ROOT_CLASS = YES_ERROR;
				CLANG_WARN_QUOTED_INCLUDE_IN_FRAMEWORK_HEADER = YES;
				CLANG_WARN_RANGE_LOOP_ANALYSIS = YES;
				CLANG_WARN_STRICT_PROTOTYPES = YES;
				CLANG_WARN_SUSPICIOUS_MOVE = YES;
				CLANG_WARN_UNGUARDED_AVAILABILITY = YES_AGGRESSIVE;
				CLANG_WARN_UNREACHABLE_CODE = YES;
				CLANG_WARN__DUPLICATE_METHOD_MATCH = YES;
				COPY_PHASE_STRIP = NO;
				DEBUG_INFORMATION_FORMAT = dwarf;
				ENABLE_STRICT_OBJC_MSGSEND = YES;
				ENABLE_TESTABILITY = YES;
				GCC_C_LANGUAGE_STANDARD = gnu11;
				GCC_DYNAMIC_NO_PIC = NO;
				GCC_NO_COMMON_BLOCKS = YES;
				GCC_OPTIMIZATION_LEVEL = 0;
				GCC_PREPROCESSOR_DEFINITIONS = (
					"DEBUG=1",
					"$(inherited)",
				);
				GCC_WARN_64_TO_32_BIT_CONVERSION = YES;
				GCC_WARN_ABOUT_RETURN_TYPE = YES_ERROR;
				GCC_WARN_UNDECLARED_SELECTOR = YES;
				GCC_WARN_UNINITIALIZED_AUTOS = YES_AGGRESSIVE;
				GCC_WARN_UNUSED_FUNCTION = YES;
				GCC_WARN_UNUSED_VARIABLE = YES;
				IPHONEOS_DEPLOYMENT_TARGET = 16.0;
				MTL_ENABLE_DEBUG_INFO = INCLUDE_SOURCE;
				MTL_FAST_MATH = YES;
				ONLY_ACTIVE_ARCH = YES;
				SDKROOT = iphoneos;
				SWIFT_ACTIVE_COMPILATION_CONDITIONS = DEBUG;
				SWIFT_OPTIMIZATION_LEVEL = "-Onone";
			};
			name = Debug;
		};
		7772C22D2993E965009F221E /* Release */ = {
			isa = XCBuildConfiguration;
			buildSettings = {
				ALWAYS_SEARCH_USER_PATHS = NO;
				CLANG_ANALYZER_NONNULL = YES;
				CLANG_ANALYZER_NUMBER_OBJECT_CONVERSION = YES_AGGRESSIVE;
				CLANG_CXX_LANGUAGE_STANDARD = "gnu++20";
				CLANG_ENABLE_MODULES = YES;
				CLANG_ENABLE_OBJC_ARC = YES;
				CLANG_ENABLE_OBJC_WEAK = YES;
				CLANG_WARN_BLOCK_CAPTURE_AUTORELEASING = YES;
				CLANG_WARN_BOOL_CONVERSION = YES;
				CLANG_WARN_COMMA = YES;
				CLANG_WARN_CONSTANT_CONVERSION = YES;
				CLANG_WARN_DEPRECATED_OBJC_IMPLEMENTATIONS = YES;
				CLANG_WARN_DIRECT_OBJC_ISA_USAGE = YES_ERROR;
				CLANG_WARN_DOCUMENTATION_COMMENTS = YES;
				CLANG_WARN_EMPTY_BODY = YES;
				CLANG_WARN_ENUM_CONVERSION = YES;
				CLANG_WARN_INFINITE_RECURSION = YES;
				CLANG_WARN_INT_CONVERSION = YES;
				CLANG_WARN_NON_LITERAL_NULL_CONVERSION = YES;
				CLANG_WARN_OBJC_IMPLICIT_RETAIN_SELF = YES;
				CLANG_WARN_OBJC_LITERAL_CONVERSION = YES;
				CLANG_WARN_OBJC_ROOT_CLASS = YES_ERROR;
				CLANG_WARN_QUOTED_INCLUDE_IN_FRAMEWORK_HEADER = YES;
				CLANG_WARN_RANGE_LOOP_ANALYSIS = YES;
				CLANG_WARN_STRICT_PROTOTYPES = YES;
				CLANG_WARN_SUSPICIOUS_MOVE = YES;
				CLANG_WARN_UNGUARDED_AVAILABILITY = YES_AGGRESSIVE;
				CLANG_WARN_UNREACHABLE_CODE = YES;
				CLANG_WARN__DUPLICATE_METHOD_MATCH = YES;
				COPY_PHASE_STRIP = NO;
				DEBUG_INFORMATION_FORMAT = "dwarf-with-dsym";
				ENABLE_NS_ASSERTIONS = NO;
				ENABLE_STRICT_OBJC_MSGSEND = YES;
				GCC_C_LANGUAGE_STANDARD = gnu11;
				GCC_NO_COMMON_BLOCKS = YES;
				GCC_WARN_64_TO_32_BIT_CONVERSION = YES;
				GCC_WARN_ABOUT_RETURN_TYPE = YES_ERROR;
				GCC_WARN_UNDECLARED_SELECTOR = YES;
				GCC_WARN_UNINITIALIZED_AUTOS = YES_AGGRESSIVE;
				GCC_WARN_UNUSED_FUNCTION = YES;
				GCC_WARN_UNUSED_VARIABLE = YES;
				IPHONEOS_DEPLOYMENT_TARGET = 16.0;
				MTL_ENABLE_DEBUG_INFO = NO;
				MTL_FAST_MATH = YES;
				SDKROOT = iphoneos;
				SWIFT_COMPILATION_MODE = wholemodule;
				SWIFT_OPTIMIZATION_LEVEL = "-O";
				VALIDATE_PRODUCT = YES;
			};
			name = Release;
		};
		7772C22F2993E965009F221E /* Debug */ = {
			isa = XCBuildConfiguration;
			buildSettings = {
				ASSETCATALOG_COMPILER_APPICON_NAME = AppIcon;
				ASSETCATALOG_COMPILER_GLOBAL_ACCENT_COLOR_NAME = AccentColor;
				CODE_SIGN_STYLE = Automatic;
				CURRENT_PROJECT_VERSION = 1;
				GENERATE_INFOPLIST_FILE = YES;
				INFOPLIST_FILE = MovieS/Info.plist;
				INFOPLIST_KEY_UIApplicationSupportsIndirectInputEvents = YES;
				INFOPLIST_KEY_UILaunchStoryboardName = LaunchScreen;
				INFOPLIST_KEY_UIMainStoryboardFile = Main;
				INFOPLIST_KEY_UISupportedInterfaceOrientations_iPad = "UIInterfaceOrientationPortrait UIInterfaceOrientationPortraitUpsideDown UIInterfaceOrientationLandscapeLeft UIInterfaceOrientationLandscapeRight";
				INFOPLIST_KEY_UISupportedInterfaceOrientations_iPhone = "UIInterfaceOrientationPortrait UIInterfaceOrientationLandscapeLeft UIInterfaceOrientationLandscapeRight";
				LD_RUNPATH_SEARCH_PATHS = (
					"$(inherited)",
					"@executable_path/Frameworks",
				);
				MARKETING_VERSION = 1.0;
				PRODUCT_BUNDLE_IDENTIFIER = com.berkeersiz.MovieS;
				PRODUCT_NAME = "$(TARGET_NAME)";
				SWIFT_EMIT_LOC_STRINGS = YES;
				SWIFT_VERSION = 5.0;
				TARGETED_DEVICE_FAMILY = "1,2";
			};
			name = Debug;
		};
		7772C2302993E965009F221E /* Release */ = {
			isa = XCBuildConfiguration;
			buildSettings = {
				ASSETCATALOG_COMPILER_APPICON_NAME = AppIcon;
				ASSETCATALOG_COMPILER_GLOBAL_ACCENT_COLOR_NAME = AccentColor;
				CODE_SIGN_STYLE = Automatic;
				CURRENT_PROJECT_VERSION = 1;
				GENERATE_INFOPLIST_FILE = YES;
				INFOPLIST_FILE = MovieS/Info.plist;
				INFOPLIST_KEY_UIApplicationSupportsIndirectInputEvents = YES;
				INFOPLIST_KEY_UILaunchStoryboardName = LaunchScreen;
				INFOPLIST_KEY_UIMainStoryboardFile = Main;
				INFOPLIST_KEY_UISupportedInterfaceOrientations_iPad = "UIInterfaceOrientationPortrait UIInterfaceOrientationPortraitUpsideDown UIInterfaceOrientationLandscapeLeft UIInterfaceOrientationLandscapeRight";
				INFOPLIST_KEY_UISupportedInterfaceOrientations_iPhone = "UIInterfaceOrientationPortrait UIInterfaceOrientationLandscapeLeft UIInterfaceOrientationLandscapeRight";
				LD_RUNPATH_SEARCH_PATHS = (
					"$(inherited)",
					"@executable_path/Frameworks",
				);
				MARKETING_VERSION = 1.0;
				PRODUCT_BUNDLE_IDENTIFIER = com.berkeersiz.MovieS;
				PRODUCT_NAME = "$(TARGET_NAME)";
				SWIFT_EMIT_LOC_STRINGS = YES;
				SWIFT_VERSION = 5.0;
				TARGETED_DEVICE_FAMILY = "1,2";
			};
			name = Release;
		};
/* End XCBuildConfiguration section */

/* Begin XCConfigurationList section */
		7772C2152993E962009F221E /* Build configuration list for PBXProject "MovieS" */ = {
			isa = XCConfigurationList;
			buildConfigurations = (
				7772C22C2993E965009F221E /* Debug */,
				7772C22D2993E965009F221E /* Release */,
			);
			defaultConfigurationIsVisible = 0;
			defaultConfigurationName = Release;
		};
		7772C22E2993E965009F221E /* Build configuration list for PBXNativeTarget "MovieS" */ = {
			isa = XCConfigurationList;
			buildConfigurations = (
				7772C22F2993E965009F221E /* Debug */,
				7772C2302993E965009F221E /* Release */,
			);
			defaultConfigurationIsVisible = 0;
			defaultConfigurationName = Release;
		};
/* End XCConfigurationList section */

/* Begin XCRemoteSwiftPackageReference section */
		7772C2312993E986009F221E /* XCRemoteSwiftPackageReference "Alamofire" */ = {
			isa = XCRemoteSwiftPackageReference;
			repositoryURL = "https://github.com/Alamofire/Alamofire.git";
			requirement = {
				branch = master;
				kind = branch;
			};
		};
/* End XCRemoteSwiftPackageReference section */

/* Begin XCSwiftPackageProductDependency section */
		7772C2322993E986009F221E /* Alamofire */ = {
			isa = XCSwiftPackageProductDependency;
			package = 7772C2312993E986009F221E /* XCRemoteSwiftPackageReference "Alamofire" */;
			productName = Alamofire;
		};
/* End XCSwiftPackageProductDependency section */
	};
	rootObject = 7772C2122993E962009F221E /* Project object */;
}
